// !$*UTF8*$!
{
	archiveVersion = 1;
	classes = {
	};
	objectVersion = 46;
	objects = {

/* Begin PBXBuildFile section */
		188EA2481E55D4FE00E858A4 /* main.m in Sources */ = {isa = PBXBuildFile; fileRef = 188EA2471E55D4FE00E858A4 /* main.m */; };
		188EA24B1E55D4FE00E858A4 /* AppDelegate.m in Sources */ = {isa = PBXBuildFile; fileRef = 188EA24A1E55D4FE00E858A4 /* AppDelegate.m */; };
		188EA24E1E55D4FE00E858A4 /* ViewController.m in Sources */ = {isa = PBXBuildFile; fileRef = 188EA24D1E55D4FE00E858A4 /* ViewController.m */; };
		188EA2531E55D4FE00E858A4 /* Assets.xcassets in Resources */ = {isa = PBXBuildFile; fileRef = 188EA2521E55D4FE00E858A4 /* Assets.xcassets */; };
		188EA2561E55D4FE00E858A4 /* LaunchScreen.storyboard in Resources */ = {isa = PBXBuildFile; fileRef = 188EA2541E55D4FE00E858A4 /* LaunchScreen.storyboard */; };
		188EA2611E55D4FF00E858A4 /* AudioRecorderTests.m in Sources */ = {isa = PBXBuildFile; fileRef = 188EA2601E55D4FF00E858A4 /* AudioRecorderTests.m */; };
		188EA26C1E55D4FF00E858A4 /* AudioRecorderUITests.m in Sources */ = {isa = PBXBuildFile; fileRef = 188EA26B1E55D4FF00E858A4 /* AudioRecorderUITests.m */; };
		188EA27A1E55D57300E858A4 /* ViewController.xib in Resources */ = {isa = PBXBuildFile; fileRef = 188EA2791E55D57300E858A4 /* ViewController.xib */; };
		188EA2C31E55DC1500E858A4 /* CommonUtil.m in Sources */ = {isa = PBXBuildFile; fileRef = 188EA2C21E55DC1500E858A4 /* CommonUtil.m */; };
		18A9E72D1E5C79F2002069FA /* AVAudioSession+RouteUtils.m in Sources */ = {isa = PBXBuildFile; fileRef = 18A9E72A1E5C79F2002069FA /* AVAudioSession+RouteUtils.m */; };
		18A9E72E1E5C79F2002069FA /* ELAudioSession.m in Sources */ = {isa = PBXBuildFile; fileRef = 18A9E72C1E5C79F2002069FA /* ELAudioSession.m */; };
		18A9E7311E5C7A5D002069FA /* AudioRecorder.m in Sources */ = {isa = PBXBuildFile; fileRef = 18A9E7301E5C7A5D002069FA /* AudioRecorder.m */; };
/* End PBXBuildFile section */

/* Begin PBXContainerItemProxy section */
		188EA25D1E55D4FF00E858A4 /* PBXContainerItemProxy */ = {
			isa = PBXContainerItemProxy;
			containerPortal = 188EA23B1E55D4FE00E858A4 /* Project object */;
			proxyType = 1;
			remoteGlobalIDString = 188EA2421E55D4FE00E858A4;
			remoteInfo = AudioRecorder;
		};
		188EA2681E55D4FF00E858A4 /* PBXContainerItemProxy */ = {
			isa = PBXContainerItemProxy;
			containerPortal = 188EA23B1E55D4FE00E858A4 /* Project object */;
			proxyType = 1;
			remoteGlobalIDString = 188EA2421E55D4FE00E858A4;
			remoteInfo = AudioRecorder;
		};
/* End PBXContainerItemProxy section */

/* Begin PBXFileReference section */
		188EA2431E55D4FE00E858A4 /* AudioRecorder.app */ = {isa = PBXFileReference; explicitFileType = wrapper.application; includeInIndex = 0; path = AudioRecorder.app; sourceTree = BUILT_PRODUCTS_DIR; };
		188EA2471E55D4FE00E858A4 /* main.m */ = {isa = PBXFileReference; lastKnownFileType = sourcecode.c.objc; path = main.m; sourceTree = "<group>"; };
		188EA2491E55D4FE00E858A4 /* AppDelegate.h */ = {isa = PBXFileReference; lastKnownFileType = sourcecode.c.h; path = AppDelegate.h; sourceTree = "<group>"; };
		188EA24A1E55D4FE00E858A4 /* AppDelegate.m */ = {isa = PBXFileReference; lastKnownFileType = sourcecode.c.objc; path = AppDelegate.m; sourceTree = "<group>"; };
		188EA24C1E55D4FE00E858A4 /* ViewController.h */ = {isa = PBXFileReference; lastKnownFileType = sourcecode.c.h; path = ViewController.h; sourceTree = "<group>"; };
		188EA24D1E55D4FE00E858A4 /* ViewController.m */ = {isa = PBXFileReference; lastKnownFileType = sourcecode.c.objc; path = ViewController.m; sourceTree = "<group>"; };
		188EA2521E55D4FE00E858A4 /* Assets.xcassets */ = {isa = PBXFileReference; lastKnownFileType = folder.assetcatalog; path = Assets.xcassets; sourceTree = "<group>"; };
		188EA2551E55D4FE00E858A4 /* Base */ = {isa = PBXFileReference; lastKnownFileType = file.storyboard; name = Base; path = Base.lproj/LaunchScreen.storyboard; sourceTree = "<group>"; };
		188EA2571E55D4FE00E858A4 /* Info.plist */ = {isa = PBXFileReference; lastKnownFileType = text.plist.xml; path = Info.plist; sourceTree = "<group>"; };
		188EA25C1E55D4FF00E858A4 /* AudioRecorderTests.xctest */ = {isa = PBXFileReference; explicitFileType = wrapper.cfbundle; includeInIndex = 0; path = AudioRecorderTests.xctest; sourceTree = BUILT_PRODUCTS_DIR; };
		188EA2601E55D4FF00E858A4 /* AudioRecorderTests.m */ = {isa = PBXFileReference; lastKnownFileType = sourcecode.c.objc; path = AudioRecorderTests.m; sourceTree = "<group>"; };
		188EA2621E55D4FF00E858A4 /* Info.plist */ = {isa = PBXFileReference; lastKnownFileType = text.plist.xml; path = Info.plist; sourceTree = "<group>"; };
		188EA2671E55D4FF00E858A4 /* AudioRecorderUITests.xctest */ = {isa = PBXFileReference; explicitFileType = wrapper.cfbundle; includeInIndex = 0; path = AudioRecorderUITests.xctest; sourceTree = BUILT_PRODUCTS_DIR; };
		188EA26B1E55D4FF00E858A4 /* AudioRecorderUITests.m */ = {isa = PBXFileReference; lastKnownFileType = sourcecode.c.objc; path = AudioRecorderUITests.m; sourceTree = "<group>"; };
		188EA26D1E55D4FF00E858A4 /* Info.plist */ = {isa = PBXFileReference; lastKnownFileType = text.plist.xml; path = Info.plist; sourceTree = "<group>"; };
		188EA2791E55D57300E858A4 /* ViewController.xib */ = {isa = PBXFileReference; fileEncoding = 4; lastKnownFileType = file.xib; path = ViewController.xib; sourceTree = "<group>"; };
		188EA2C11E55DC1500E858A4 /* CommonUtil.h */ = {isa = PBXFileReference; fileEncoding = 4; lastKnownFileType = sourcecode.c.h; path = CommonUtil.h; sourceTree = "<group>"; };
		188EA2C21E55DC1500E858A4 /* CommonUtil.m */ = {isa = PBXFileReference; fileEncoding = 4; lastKnownFileType = sourcecode.c.objc; path = CommonUtil.m; sourceTree = "<group>"; };
		18A9E7291E5C79F2002069FA /* AVAudioSession+RouteUtils.h */ = {isa = PBXFileReference; fileEncoding = 4; lastKnownFileType = sourcecode.c.h; path = "AVAudioSession+RouteUtils.h"; sourceTree = "<group>"; };
		18A9E72A1E5C79F2002069FA /* AVAudioSession+RouteUtils.m */ = {isa = PBXFileReference; fileEncoding = 4; lastKnownFileType = sourcecode.c.objc; path = "AVAudioSession+RouteUtils.m"; sourceTree = "<group>"; };
		18A9E72B1E5C79F2002069FA /* ELAudioSession.h */ = {isa = PBXFileReference; fileEncoding = 4; lastKnownFileType = sourcecode.c.h; path = ELAudioSession.h; sourceTree = "<group>"; };
		18A9E72C1E5C79F2002069FA /* ELAudioSession.m */ = {isa = PBXFileReference; fileEncoding = 4; lastKnownFileType = sourcecode.c.objc; path = ELAudioSession.m; sourceTree = "<group>"; };
		18A9E72F1E5C7A5D002069FA /* AudioRecorder.h */ = {isa = PBXFileReference; fileEncoding = 4; lastKnownFileType = sourcecode.c.h; path = AudioRecorder.h; sourceTree = "<group>"; };
		18A9E7301E5C7A5D002069FA /* AudioRecorder.m */ = {isa = PBXFileReference; fileEncoding = 4; lastKnownFileType = sourcecode.c.objc; path = AudioRecorder.m; sourceTree = "<group>"; };
/* End PBXFileReference section */

/* Begin PBXFrameworksBuildPhase section */
		188EA2401E55D4FE00E858A4 /* Frameworks */ = {
			isa = PBXFrameworksBuildPhase;
			buildActionMask = 2147483647;
			files = (
			);
			runOnlyForDeploymentPostprocessing = 0;
		};
		188EA2591E55D4FF00E858A4 /* Frameworks */ = {
			isa = PBXFrameworksBuildPhase;
			buildActionMask = 2147483647;
			files = (
			);
			runOnlyForDeploymentPostprocessing = 0;
		};
		188EA2641E55D4FF00E858A4 /* Frameworks */ = {
			isa = PBXFrameworksBuildPhase;
			buildActionMask = 2147483647;
			files = (
			);
			runOnlyForDeploymentPostprocessing = 0;
		};
/* End PBXFrameworksBuildPhase section */

/* Begin PBXGroup section */
		188EA23A1E55D4FE00E858A4 = {
			isa = PBXGroup;
			children = (
				188EA2451E55D4FE00E858A4 /* AudioRecorder */,
				188EA25F1E55D4FF00E858A4 /* AudioRecorderTests */,
				188EA26A1E55D4FF00E858A4 /* AudioRecorderUITests */,
				188EA2441E55D4FE00E858A4 /* Products */,
			);
			sourceTree = "<group>";
		};
		188EA2441E55D4FE00E858A4 /* Products */ = {
			isa = PBXGroup;
			children = (
				188EA2431E55D4FE00E858A4 /* AudioRecorder.app */,
				188EA25C1E55D4FF00E858A4 /* AudioRecorderTests.xctest */,
				188EA2671E55D4FF00E858A4 /* AudioRecorderUITests.xctest */,
			);
			name = Products;
			sourceTree = "<group>";
		};
		188EA2451E55D4FE00E858A4 /* AudioRecorder */ = {
			isa = PBXGroup;
			children = (
				18A9E7281E5C79F2002069FA /* AudioSession */,
				188EA2C01E55DC1500E858A4 /* utils */,
				188EA2491E55D4FE00E858A4 /* AppDelegate.h */,
				188EA24A1E55D4FE00E858A4 /* AppDelegate.m */,
				188EA24C1E55D4FE00E858A4 /* ViewController.h */,
				188EA24D1E55D4FE00E858A4 /* ViewController.m */,
				188EA2521E55D4FE00E858A4 /* Assets.xcassets */,
				188EA2541E55D4FE00E858A4 /* LaunchScreen.storyboard */,
				188EA2571E55D4FE00E858A4 /* Info.plist */,
				188EA2461E55D4FE00E858A4 /* Supporting Files */,
				188EA2791E55D57300E858A4 /* ViewController.xib */,
				18A9E72F1E5C7A5D002069FA /* AudioRecorder.h */,
				18A9E7301E5C7A5D002069FA /* AudioRecorder.m */,
			);
			path = AudioRecorder;
			sourceTree = "<group>";
		};
		188EA2461E55D4FE00E858A4 /* Supporting Files */ = {
			isa = PBXGroup;
			children = (
				188EA2471E55D4FE00E858A4 /* main.m */,
			);
			name = "Supporting Files";
			sourceTree = "<group>";
		};
		188EA25F1E55D4FF00E858A4 /* AudioRecorderTests */ = {
			isa = PBXGroup;
			children = (
				188EA2601E55D4FF00E858A4 /* AudioRecorderTests.m */,
				188EA2621E55D4FF00E858A4 /* Info.plist */,
			);
			path = AudioRecorderTests;
			sourceTree = "<group>";
		};
		188EA26A1E55D4FF00E858A4 /* AudioRecorderUITests */ = {
			isa = PBXGroup;
			children = (
				188EA26B1E55D4FF00E858A4 /* AudioRecorderUITests.m */,
				188EA26D1E55D4FF00E858A4 /* Info.plist */,
			);
			path = AudioRecorderUITests;
			sourceTree = "<group>";
		};
		188EA2C01E55DC1500E858A4 /* utils */ = {
			isa = PBXGroup;
			children = (
				188EA2C11E55DC1500E858A4 /* CommonUtil.h */,
				188EA2C21E55DC1500E858A4 /* CommonUtil.m */,
			);
			path = utils;
			sourceTree = "<group>";
		};
		18A9E7281E5C79F2002069FA /* AudioSession */ = {
			isa = PBXGroup;
			children = (
				18A9E7291E5C79F2002069FA /* AVAudioSession+RouteUtils.h */,
				18A9E72A1E5C79F2002069FA /* AVAudioSession+RouteUtils.m */,
				18A9E72B1E5C79F2002069FA /* ELAudioSession.h */,
				18A9E72C1E5C79F2002069FA /* ELAudioSession.m */,
			);
			path = AudioSession;
			sourceTree = "<group>";
		};
/* End PBXGroup section */

/* Begin PBXNativeTarget section */
		188EA2421E55D4FE00E858A4 /* AudioRecorder */ = {
			isa = PBXNativeTarget;
			buildConfigurationList = 188EA2701E55D4FF00E858A4 /* Build configuration list for PBXNativeTarget "AudioRecorder" */;
			buildPhases = (
				188EA23F1E55D4FE00E858A4 /* Sources */,
				188EA2401E55D4FE00E858A4 /* Frameworks */,
				188EA2411E55D4FE00E858A4 /* Resources */,
			);
			buildRules = (
			);
			dependencies = (
			);
			name = AudioRecorder;
			productName = AudioRecorder;
			productReference = 188EA2431E55D4FE00E858A4 /* AudioRecorder.app */;
			productType = "com.apple.product-type.application";
		};
		188EA25B1E55D4FF00E858A4 /* AudioRecorderTests */ = {
			isa = PBXNativeTarget;
			buildConfigurationList = 188EA2731E55D4FF00E858A4 /* Build configuration list for PBXNativeTarget "AudioRecorderTests" */;
			buildPhases = (
				188EA2581E55D4FF00E858A4 /* Sources */,
				188EA2591E55D4FF00E858A4 /* Frameworks */,
				188EA25A1E55D4FF00E858A4 /* Resources */,
			);
			buildRules = (
			);
			dependencies = (
				188EA25E1E55D4FF00E858A4 /* PBXTargetDependency */,
			);
			name = AudioRecorderTests;
			productName = AudioRecorderTests;
			productReference = 188EA25C1E55D4FF00E858A4 /* AudioRecorderTests.xctest */;
			productType = "com.apple.product-type.bundle.unit-test";
		};
		188EA2661E55D4FF00E858A4 /* AudioRecorderUITests */ = {
			isa = PBXNativeTarget;
			buildConfigurationList = 188EA2761E55D4FF00E858A4 /* Build configuration list for PBXNativeTarget "AudioRecorderUITests" */;
			buildPhases = (
				188EA2631E55D4FF00E858A4 /* Sources */,
				188EA2641E55D4FF00E858A4 /* Frameworks */,
				188EA2651E55D4FF00E858A4 /* Resources */,
			);
			buildRules = (
			);
			dependencies = (
				188EA2691E55D4FF00E858A4 /* PBXTargetDependency */,
			);
			name = AudioRecorderUITests;
			productName = AudioRecorderUITests;
			productReference = 188EA2671E55D4FF00E858A4 /* AudioRecorderUITests.xctest */;
			productType = "com.apple.product-type.bundle.ui-testing";
		};
/* End PBXNativeTarget section */

/* Begin PBXProject section */
		188EA23B1E55D4FE00E858A4 /* Project object */ = {
			isa = PBXProject;
			attributes = {
				LastUpgradeCheck = 0820;
				ORGANIZATIONNAME = xiaokai.zhan;
				TargetAttributes = {
					188EA2421E55D4FE00E858A4 = {
						CreatedOnToolsVersion = 8.2.1;
						DevelopmentTeam = MY5GTD35UJ;
						ProvisioningStyle = Automatic;
					};
					188EA25B1E55D4FF00E858A4 = {
						CreatedOnToolsVersion = 8.2.1;
						DevelopmentTeam = MY5GTD35UJ;
						ProvisioningStyle = Automatic;
						TestTargetID = 188EA2421E55D4FE00E858A4;
					};
					188EA2661E55D4FF00E858A4 = {
						CreatedOnToolsVersion = 8.2.1;
						DevelopmentTeam = MY5GTD35UJ;
						ProvisioningStyle = Automatic;
						TestTargetID = 188EA2421E55D4FE00E858A4;
					};
				};
			};
			buildConfigurationList = 188EA23E1E55D4FE00E858A4 /* Build configuration list for PBXProject "AudioRecorder" */;
			compatibilityVersion = "Xcode 3.2";
			developmentRegion = English;
			hasScannedForEncodings = 0;
			knownRegions = (
				en,
				Base,
			);
			mainGroup = 188EA23A1E55D4FE00E858A4;
			productRefGroup = 188EA2441E55D4FE00E858A4 /* Products */;
			projectDirPath = "";
			projectRoot = "";
			targets = (
				188EA2421E55D4FE00E858A4 /* AudioRecorder */,
				188EA25B1E55D4FF00E858A4 /* AudioRecorderTests */,
				188EA2661E55D4FF00E858A4 /* AudioRecorderUITests */,
			);
		};
/* End PBXProject section */

/* Begin PBXResourcesBuildPhase section */
		188EA2411E55D4FE00E858A4 /* Resources */ = {
			isa = PBXResourcesBuildPhase;
			buildActionMask = 2147483647;
			files = (
				188EA2561E55D4FE00E858A4 /* LaunchScreen.storyboard in Resources */,
				188EA27A1E55D57300E858A4 /* ViewController.xib in Resources */,
				188EA2531E55D4FE00E858A4 /* Assets.xcassets in Resources */,
			);
			runOnlyForDeploymentPostprocessing = 0;
		};
		188EA25A1E55D4FF00E858A4 /* Resources */ = {
			isa = PBXResourcesBuildPhase;
			buildActionMask = 2147483647;
			files = (
			);
			runOnlyForDeploymentPostprocessing = 0;
		};
		188EA2651E55D4FF00E858A4 /* Resources */ = {
			isa = PBXResourcesBuildPhase;
			buildActionMask = 2147483647;
			files = (
			);
			runOnlyForDeploymentPostprocessing = 0;
		};
/* End PBXResourcesBuildPhase section */

/* Begin PBXSourcesBuildPhase section */
		188EA23F1E55D4FE00E858A4 /* Sources */ = {
			isa = PBXSourcesBuildPhase;
			buildActionMask = 2147483647;
			files = (
				18A9E72E1E5C79F2002069FA /* ELAudioSession.m in Sources */,
				188EA24E1E55D4FE00E858A4 /* ViewController.m in Sources */,
				188EA24B1E55D4FE00E858A4 /* AppDelegate.m in Sources */,
				18A9E7311E5C7A5D002069FA /* AudioRecorder.m in Sources */,
				18A9E72D1E5C79F2002069FA /* AVAudioSession+RouteUtils.m in Sources */,
				188EA2C31E55DC1500E858A4 /* CommonUtil.m in Sources */,
				188EA2481E55D4FE00E858A4 /* main.m in Sources */,
			);
			runOnlyForDeploymentPostprocessing = 0;
		};
		188EA2581E55D4FF00E858A4 /* Sources */ = {
			isa = PBXSourcesBuildPhase;
			buildActionMask = 2147483647;
			files = (
				188EA2611E55D4FF00E858A4 /* AudioRecorderTests.m in Sources */,
			);
			runOnlyForDeploymentPostprocessing = 0;
		};
		188EA2631E55D4FF00E858A4 /* Sources */ = {
			isa = PBXSourcesBuildPhase;
			buildActionMask = 2147483647;
			files = (
				188EA26C1E55D4FF00E858A4 /* AudioRecorderUITests.m in Sources */,
			);
			runOnlyForDeploymentPostprocessing = 0;
		};
/* End PBXSourcesBuildPhase section */

/* Begin PBXTargetDependency section */
		188EA25E1E55D4FF00E858A4 /* PBXTargetDependency */ = {
			isa = PBXTargetDependency;
			target = 188EA2421E55D4FE00E858A4 /* AudioRecorder */;
			targetProxy = 188EA25D1E55D4FF00E858A4 /* PBXContainerItemProxy */;
		};
		188EA2691E55D4FF00E858A4 /* PBXTargetDependency */ = {
			isa = PBXTargetDependency;
			target = 188EA2421E55D4FE00E858A4 /* AudioRecorder */;
			targetProxy = 188EA2681E55D4FF00E858A4 /* PBXContainerItemProxy */;
		};
/* End PBXTargetDependency section */

/* Begin PBXVariantGroup section */
		188EA2541E55D4FE00E858A4 /* LaunchScreen.storyboard */ = {
			isa = PBXVariantGroup;
			children = (
				188EA2551E55D4FE00E858A4 /* Base */,
			);
			name = LaunchScreen.storyboard;
			sourceTree = "<group>";
		};
/* End PBXVariantGroup section */

/* Begin XCBuildConfiguration section */
		188EA26E1E55D4FF00E858A4 /* Debug */ = {
			isa = XCBuildConfiguration;
			buildSettings = {
				ALWAYS_SEARCH_USER_PATHS = NO;
				CLANG_ANALYZER_NONNULL = YES;
				CLANG_CXX_LANGUAGE_STANDARD = "gnu++0x";
				CLANG_CXX_LIBRARY = "libc++";
				CLANG_ENABLE_MODULES = YES;
				CLANG_ENABLE_OBJC_ARC = YES;
				CLANG_WARN_BOOL_CONVERSION = YES;
				CLANG_WARN_CONSTANT_CONVERSION = YES;
				CLANG_WARN_DIRECT_OBJC_ISA_USAGE = YES_ERROR;
				CLANG_WARN_DOCUMENTATION_COMMENTS = YES;
				CLANG_WARN_EMPTY_BODY = YES;
				CLANG_WARN_ENUM_CONVERSION = YES;
				CLANG_WARN_INFINITE_RECURSION = YES;
				CLANG_WARN_INT_CONVERSION = YES;
				CLANG_WARN_OBJC_ROOT_CLASS = YES_ERROR;
				CLANG_WARN_SUSPICIOUS_MOVE = YES;
				CLANG_WARN_UNREACHABLE_CODE = YES;
				CLANG_WARN__DUPLICATE_METHOD_MATCH = YES;
				"CODE_SIGN_IDENTITY[sdk=iphoneos*]" = "iPhone Developer";
				COPY_PHASE_STRIP = NO;
				DEBUG_INFORMATION_FORMAT = dwarf;
				ENABLE_STRICT_OBJC_MSGSEND = YES;
				ENABLE_TESTABILITY = YES;
				GCC_C_LANGUAGE_STANDARD = gnu99;
				GCC_DYNAMIC_NO_PIC = NO;
				GCC_NO_COMMON_BLOCKS = YES;
				GCC_OPTIMIZATION_LEVEL = 0;
				GCC_PREPROCESSOR_DEFINITIONS = (
					"DEBUG=1",
					"$(inherited)",
				);
				GCC_WARN_64_TO_32_BIT_CONVERSION = YES;
				GCC_WARN_ABOUT_RETURN_TYPE = YES_ERROR;
				GCC_WARN_UNDECLARED_SELECTOR = YES;
				GCC_WARN_UNINITIALIZED_AUTOS = YES_AGGRESSIVE;
				GCC_WARN_UNUSED_FUNCTION = YES;
				GCC_WARN_UNUSED_VARIABLE = YES;
				IPHONEOS_DEPLOYMENT_TARGET = 10.2;
				MTL_ENABLE_DEBUG_INFO = YES;
				ONLY_ACTIVE_ARCH = YES;
				SDKROOT = iphoneos;
			};
			name = Debug;
		};
		188EA26F1E55D4FF00E858A4 /* Release */ = {
			isa = XCBuildConfiguration;
			buildSettings = {
				ALWAYS_SEARCH_USER_PATHS = NO;
				CLANG_ANALYZER_NONNULL = YES;
				CLANG_CXX_LANGUAGE_STANDARD = "gnu++0x";
				CLANG_CXX_LIBRARY = "libc++";
				CLANG_ENABLE_MODULES = YES;
				CLANG_ENABLE_OBJC_ARC = YES;
				CLANG_WARN_BOOL_CONVERSION = YES;
				CLANG_WARN_CONSTANT_CONVERSION = YES;
				CLANG_WARN_DIRECT_OBJC_ISA_USAGE = YES_ERROR;
				CLANG_WARN_DOCUMENTATION_COMMENTS = YES;
				CLANG_WARN_EMPTY_BODY = YES;
				CLANG_WARN_ENUM_CONVERSION = YES;
				CLANG_WARN_INFINITE_RECURSION = YES;
				CLANG_WARN_INT_CONVERSION = YES;
				CLANG_WARN_OBJC_ROOT_CLASS = YES_ERROR;
				CLANG_WARN_SUSPICIOUS_MOVE = YES;
				CLANG_WARN_UNREACHABLE_CODE = YES;
				CLANG_WARN__DUPLICATE_METHOD_MATCH = YES;
				"CODE_SIGN_IDENTITY[sdk=iphoneos*]" = "iPhone Developer";
				COPY_PHASE_STRIP = NO;
				DEBUG_INFORMATION_FORMAT = "dwarf-with-dsym";
				ENABLE_NS_ASSERTIONS = NO;
				ENABLE_STRICT_OBJC_MSGSEND = YES;
				GCC_C_LANGUAGE_STANDARD = gnu99;
				GCC_NO_COMMON_BLOCKS = YES;
				GCC_WARN_64_TO_32_BIT_CONVERSION = YES;
				GCC_WARN_ABOUT_RETURN_TYPE = YES_ERROR;
				GCC_WARN_UNDECLARED_SELECTOR = YES;
				GCC_WARN_UNINITIALIZED_AUTOS = YES_AGGRESSIVE;
				GCC_WARN_UNUSED_FUNCTION = YES;
				GCC_WARN_UNUSED_VARIABLE = YES;
				IPHONEOS_DEPLOYMENT_TARGET = 10.2;
				MTL_ENABLE_DEBUG_INFO = NO;
				SDKROOT = iphoneos;
				VALIDATE_PRODUCT = YES;
			};
			name = Release;
		};
		188EA2711E55D4FF00E858A4 /* Debug */ = {
			isa = XCBuildConfiguration;
			buildSettings = {
				ASSETCATALOG_COMPILER_APPICON_NAME = AppIcon;
				DEVELOPMENT_TEAM = MY5GTD35UJ;
				INFOPLIST_FILE = AudioRecorder/Info.plist;
				IPHONEOS_DEPLOYMENT_TARGET = 8.0;
				LD_RUNPATH_SEARCH_PATHS = "$(inherited) @executable_path/Frameworks";
				PRODUCT_BUNDLE_IDENTIFIER = com.phuket.tour.audiotoolbox.encoder.AudioRecorder;
				PRODUCT_NAME = "$(TARGET_NAME)";
			};
			name = Debug;
		};
		188EA2721E55D4FF00E858A4 /* Release */ = {
			isa = XCBuildConfiguration;
			buildSettings = {
				ASSETCATALOG_COMPILER_APPICON_NAME = AppIcon;
				DEVELOPMENT_TEAM = MY5GTD35UJ;
				INFOPLIST_FILE = AudioRecorder/Info.plist;
				IPHONEOS_DEPLOYMENT_TARGET = 8.0;
				LD_RUNPATH_SEARCH_PATHS = "$(inherited) @executable_path/Frameworks";
				PRODUCT_BUNDLE_IDENTIFIER = com.phuket.tour.audiotoolbox.encoder.AudioRecorder;
				PRODUCT_NAME = "$(TARGET_NAME)";
			};
			name = Release;
		};
		188EA2741E55D4FF00E858A4 /* Debug */ = {
			isa = XCBuildConfiguration;
			buildSettings = {
				BUNDLE_LOADER = "$(TEST_HOST)";
				DEVELOPMENT_TEAM = MY5GTD35UJ;
				INFOPLIST_FILE = AudioRecorderTests/Info.plist;
				LD_RUNPATH_SEARCH_PATHS = "$(inherited) @executable_path/Frameworks @loader_path/Frameworks";
				PRODUCT_BUNDLE_IDENTIFIER = com.phuket.tour.audiotoolbox.encoder.AudioRecorderTests;
				PRODUCT_NAME = "$(TARGET_NAME)";
				TEST_HOST = "$(BUILT_PRODUCTS_DIR)/AudioRecorder.app/AudioRecorder";
			};
			name = Debug;
		};
		188EA2751E55D4FF00E858A4 /* Release */ = {
			isa = XCBuildConfiguration;
			buildSettings = {
				BUNDLE_LOADER = "$(TEST_HOST)";
				DEVELOPMENT_TEAM = MY5GTD35UJ;
				INFOPLIST_FILE = AudioRecorderTests/Info.plist;
				LD_RUNPATH_SEARCH_PATHS = "$(inherited) @executable_path/Frameworks @loader_path/Frameworks";
				PRODUCT_BUNDLE_IDENTIFIER = com.phuket.tour.audiotoolbox.encoder.AudioRecorderTests;
				PRODUCT_NAME = "$(TARGET_NAME)";
				TEST_HOST = "$(BUILT_PRODUCTS_DIR)/AudioRecorder.app/AudioRecorder";
			};
			name = Release;
		};
		188EA2771E55D4FF00E858A4 /* Debug */ = {
			isa = XCBuildConfiguration;
			buildSettings = {
				DEVELOPMENT_TEAM = MY5GTD35UJ;
				INFOPLIST_FILE = AudioRecorderUITests/Info.plist;
				LD_RUNPATH_SEARCH_PATHS = "$(inherited) @executable_path/Frameworks @loader_path/Frameworks";
				PRODUCT_BUNDLE_IDENTIFIER = com.phuket.tour.audiotoolbox.encoder.AudioRecorderUITests;
				PRODUCT_NAME = "$(TARGET_NAME)";
				TEST_TARGET_NAME = AudioRecorder;
			};
			name = Debug;
		};
		188EA2781E55D4FF00E858A4 /* Release */ = {
			isa = XCBuildConfiguration;
			buildSettings = {
				DEVELOPMENT_TEAM = MY5GTD35UJ;
				INFOPLIST_FILE = AudioRecorderUITests/Info.plist;
				LD_RUNPATH_SEARCH_PATHS = "$(inherited) @executable_path/Frameworks @loader_path/Frameworks";
				PRODUCT_BUNDLE_IDENTIFIER = com.phuket.tour.audiotoolbox.encoder.AudioRecorderUITests;
				PRODUCT_NAME = "$(TARGET_NAME)";
				TEST_TARGET_NAME = AudioRecorder;
			};
			name = Release;
		};
/* End XCBuildConfiguration section */

/* Begin XCConfigurationList section */
		188EA23E1E55D4FE00E858A4 /* Build configuration list for PBXProject "AudioRecorder" */ = {
			isa = XCConfigurationList;
			buildConfigurations = (
				188EA26E1E55D4FF00E858A4 /* Debug */,
				188EA26F1E55D4FF00E858A4 /* Release */,
			);
			defaultConfigurationIsVisible = 0;
			defaultConfigurationName = Release;
		};
		188EA2701E55D4FF00E858A4 /* Build configuration list for PBXNativeTarget "AudioRecorder" */ = {
			isa = XCConfigurationList;
			buildConfigurations = (
				188EA2711E55D4FF00E858A4 /* Debug */,
				188EA2721E55D4FF00E858A4 /* Release */,
			);
			defaultConfigurationIsVisible = 0;
			defaultConfigurationName = Release;
		};
		188EA2731E55D4FF00E858A4 /* Build configuration list for PBXNativeTarget "AudioRecorderTests" */ = {
			isa = XCConfigurationList;
			buildConfigurations = (
				188EA2741E55D4FF00E858A4 /* Debug */,
				188EA2751E55D4FF00E858A4 /* Release */,
			);
			defaultConfigurationIsVisible = 0;
			defaultConfigurationName = Release;
		};
		188EA2761E55D4FF00E858A4 /* Build configuration list for PBXNativeTarget "AudioRecorderUITests" */ = {
			isa = XCConfigurationList;
			buildConfigurations = (
				188EA2771E55D4FF00E858A4 /* Debug */,
				188EA2781E55D4FF00E858A4 /* Release */,
			);
			defaultConfigurationIsVisible = 0;
			defaultConfigurationName = Release;
		};
/* End XCConfigurationList section */
	};
	rootObject = 188EA23B1E55D4FE00E858A4 /* Project object */;
}
